
Microsoft Visual Studio Solution File, Format Version 12.00
# Visual Studio 15
VisualStudioVersion = 15.0.27428.2011
MinimumVisualStudioVersion = 10.0.40219.1
Project("{FAE04EC0-301F-11D3-BF4B-00C04F79EFBC}") = "Projekt2", "Projekt2\Projekt2.csproj", "{CE735DCC-0138-4A86-887E-1569A5B14F08}"
EndProject
Global
	GlobalSection(SolutionConfigurationPlatforms) = preSolution
		Debug|Any CPU = Debug|Any CPU
		Release|Any CPU = Release|Any CPU
	EndGlobalSection
	GlobalSection(ProjectConfigurationPlatforms) = postSolution
		{CE735DCC-0138-4A86-887E-1569A5B14F08}.Debug|Any CPU.ActiveCfg = Debug|Any CPU
		{CE735DCC-0138-4A86-887E-1569A5B14F08}.Debug|Any CPU.Build.0 = Debug|Any CPU
		{CE735DCC-0138-4A86-887E-1569A5B14F08}.Release|Any CPU.ActiveCfg = Release|Any CPU
		{CE735DCC-0138-4A86-887E-1569A5B14F08}.Release|Any CPU.Build.0 = Release|Any CPU
	EndGlobalSection
	GlobalSection(SolutionProperties) = preSolution
		HideSolutionNode = FALSE
	EndGlobalSection
	GlobalSection(ExtensibilityGlobals) = postSolution
		SolutionGuid = {67C80B90-4AE6-45C2-9F63-91AD40A82B48}
	EndGlobalSection
EndGlobal
